
Microsoft Visual Studio Solution File, Format Version 11.00
# Visual Studio 2010
Project("{FAE04EC0-301F-11D3-BF4B-00C04F79EFBC}") = "API", "Assembly-CSharp.csproj", "{92393B89-8396-FC2F-BE17-A0417C4334ED}"
EndProject
Project("{FAE04EC0-301F-11D3-BF4B-00C04F79EFBC}") = "API", "Assembly-CSharp-Editor.csproj", "{930BE339-2564-9AB7-DA51-C94B2F5FED0E}"
EndProject
Global
	GlobalSection(SolutionConfigurationPlatforms) = preSolution
		Debug|Any CPU = Debug|Any CPU
		Release|Any CPU = Release|Any CPU
	EndGlobalSection
	GlobalSection(ProjectConfigurationPlatforms) = postSolution
		{92393B89-8396-FC2F-BE17-A0417C4334ED}.Debug|Any CPU.ActiveCfg = Debug|Any CPU
		{92393B89-8396-FC2F-BE17-A0417C4334ED}.Debug|Any CPU.Build.0 = Debug|Any CPU
		{92393B89-8396-FC2F-BE17-A0417C4334ED}.Release|Any CPU.ActiveCfg = Release|Any CPU
		{92393B89-8396-FC2F-BE17-A0417C4334ED}.Release|Any CPU.Build.0 = Release|Any CPU
		{930BE339-2564-9AB7-DA51-C94B2F5FED0E}.Debug|Any CPU.ActiveCfg = Debug|Any CPU
		{930BE339-2564-9AB7-DA51-C94B2F5FED0E}.Debug|Any CPU.Build.0 = Debug|Any CPU
		{930BE339-2564-9AB7-DA51-C94B2F5FED0E}.Release|Any CPU.ActiveCfg = Release|Any CPU
		{930BE339-2564-9AB7-DA51-C94B2F5FED0E}.Release|Any CPU.Build.0 = Release|Any CPU
	EndGlobalSection
	GlobalSection(SolutionProperties) = preSolution
		HideSolutionNode = FALSE
	EndGlobalSection
	GlobalSection(MonoDevelopProperties) = preSolution
		StartupItem = Assembly-CSharp.csproj
	EndGlobalSection
EndGlobal
